
Microsoft Visual Studio Solution File, Format Version 12.00
# Visual Studio 15
VisualStudioVersion = 15.0.27703.2035
MinimumVisualStudioVersion = 10.0.40219.1
Project("{FAE04EC0-301F-11D3-BF4B-00C04F79EFBC}") = "LuckyNumber.Android", "LuckyNumber\LuckyNumber.Android\LuckyNumber.Android.csproj", "{3C176A8A-37A2-4F32-B40D-B5A953011567}"
EndProject
Project("{FAE04EC0-301F-11D3-BF4B-00C04F79EFBC}") = "LuckyNumber.iOS", "LuckyNumber\LuckyNumber.iOS\LuckyNumber.iOS.csproj", "{DD4D364E-CE60-4CF5-8184-0233A764083D}"
EndProject
Project("{D954291E-2A0B-460D-934E-DC6B0785DB48}") = "LuckyNumber", "LuckyNumber\LuckyNumber\LuckyNumber.shproj", "{6F5CFF09-7D92-4D8A-99E6-F951028DA4C9}"
EndProject
Global
	GlobalSection(SharedMSBuildProjectFiles) = preSolution
		LuckyNumber\LuckyNumber\LuckyNumber.projitems*{3c176a8a-37a2-4f32-b40d-b5a953011567}*SharedItemsImports = 4
		LuckyNumber\LuckyNumber\LuckyNumber.projitems*{6f5cff09-7d92-4d8a-99e6-f951028da4c9}*SharedItemsImports = 13
		LuckyNumber\LuckyNumber\LuckyNumber.projitems*{dd4d364e-ce60-4cf5-8184-0233a764083d}*SharedItemsImports = 4
	EndGlobalSection
	GlobalSection(SolutionConfigurationPlatforms) = preSolution
		Ad-Hoc|Any CPU = Ad-Hoc|Any CPU
		Ad-Hoc|iPhone = Ad-Hoc|iPhone
		Ad-Hoc|iPhoneSimulator = Ad-Hoc|iPhoneSimulator
		AppStore|Any CPU = AppStore|Any CPU
		AppStore|iPhone = AppStore|iPhone
		AppStore|iPhoneSimulator = AppStore|iPhoneSimulator
		Debug|Any CPU = Debug|Any CPU
		Debug|iPhone = Debug|iPhone
		Debug|iPhoneSimulator = Debug|iPhoneSimulator
		Release|Any CPU = Release|Any CPU
		Release|iPhone = Release|iPhone
		Release|iPhoneSimulator = Release|iPhoneSimulator
	EndGlobalSection
	GlobalSection(ProjectConfigurationPlatforms) = postSolution
		{3C176A8A-37A2-4F32-B40D-B5A953011567}.Ad-Hoc|Any CPU.ActiveCfg = Release|Any CPU
		{3C176A8A-37A2-4F32-B40D-B5A953011567}.Ad-Hoc|Any CPU.Build.0 = Release|Any CPU
		{3C176A8A-37A2-4F32-B40D-B5A953011567}.Ad-Hoc|Any CPU.Deploy.0 = Release|Any CPU
		{3C176A8A-37A2-4F32-B40D-B5A953011567}.Ad-Hoc|iPhone.ActiveCfg = Release|Any CPU
		{3C176A8A-37A2-4F32-B40D-B5A953011567}.Ad-Hoc|iPhone.Build.0 = Release|Any CPU
		{3C176A8A-37A2-4F32-B40D-B5A953011567}.Ad-Hoc|iPhone.Deploy.0 = Release|Any CPU
		{3C176A8A-37A2-4F32-B40D-B5A953011567}.Ad-Hoc|iPhoneSimulator.ActiveCfg = Release|Any CPU
		{3C176A8A-37A2-4F32-B40D-B5A953011567}.Ad-Hoc|iPhoneSimulator.Build.0 = Release|Any CPU
		{3C176A8A-37A2-4F32-B40D-B5A953011567}.Ad-Hoc|iPhoneSimulator.Deploy.0 = Release|Any CPU
		{3C176A8A-37A2-4F32-B40D-B5A953011567}.AppStore|Any CPU.ActiveCfg = Release|Any CPU
		{3C176A8A-37A2-4F32-B40D-B5A953011567}.AppStore|Any CPU.Build.0 = Release|Any CPU
		{3C176A8A-37A2-4F32-B40D-B5A953011567}.AppStore|Any CPU.Deploy.0 = Release|Any CPU
		{3C176A8A-37A2-4F32-B40D-B5A953011567}.AppStore|iPhone.ActiveCfg = Release|Any CPU
		{3C176A8A-37A2-4F32-B40D-B5A953011567}.AppStore|iPhone.Build.0 = Release|Any CPU
		{3C176A8A-37A2-4F32-B40D-B5A953011567}.AppStore|iPhone.Deploy.0 = Release|Any CPU
		{3C176A8A-37A2-4F32-B40D-B5A953011567}.AppStore|iPhoneSimulator.ActiveCfg = Release|Any CPU
		{3C176A8A-37A2-4F32-B40D-B5A953011567}.AppStore|iPhoneSimulator.Build.0 = Release|Any CPU
		{3C176A8A-37A2-4F32-B40D-B5A953011567}.AppStore|iPhoneSimulator.Deploy.0 = Release|Any CPU
		{3C176A8A-37A2-4F32-B40D-B5A953011567}.Debug|Any CPU.ActiveCfg = Debug|Any CPU
		{3C176A8A-37A2-4F32-B40D-B5A953011567}.Debug|Any CPU.Build.0 = Debug|Any CPU
		{3C176A8A-37A2-4F32-B40D-B5A953011567}.Debug|Any CPU.Deploy.0 = Debug|Any CPU
		{3C176A8A-37A2-4F32-B40D-B5A953011567}.Debug|iPhone.ActiveCfg = Debug|Any CPU
		{3C176A8A-37A2-4F32-B40D-B5A953011567}.Debug|iPhone.Build.0 = Debug|Any CPU
		{3C176A8A-37A2-4F32-B40D-B5A953011567}.Debug|iPhone.Deploy.0 = Debug|Any CPU
		{3C176A8A-37A2-4F32-B40D-B5A953011567}.Debug|iPhoneSimulator.ActiveCfg = Debug|Any CPU
		{3C176A8A-37A2-4F32-B40D-B5A953011567}.Debug|iPhoneSimulator.Build.0 = Debug|Any CPU
		{3C176A8A-37A2-4F32-B40D-B5A953011567}.Debug|iPhoneSimulator.Deploy.0 = Debug|Any CPU
		{3C176A8A-37A2-4F32-B40D-B5A953011567}.Release|Any CPU.ActiveCfg = Release|Any CPU
		{3C176A8A-37A2-4F32-B40D-B5A953011567}.Release|Any CPU.Build.0 = Release|Any CPU
		{3C176A8A-37A2-4F32-B40D-B5A953011567}.Release|Any CPU.Deploy.0 = Release|Any CPU
		{3C176A8A-37A2-4F32-B40D-B5A953011567}.Release|iPhone.ActiveCfg = Release|Any CPU
		{3C176A8A-37A2-4F32-B40D-B5A953011567}.Release|iPhone.Build.0 = Release|Any CPU
		{3C176A8A-37A2-4F32-B40D-B5A953011567}.Release|iPhone.Deploy.0 = Release|Any CPU
		{3C176A8A-37A2-4F32-B40D-B5A953011567}.Release|iPhoneSimulator.ActiveCfg = Release|Any CPU
		{3C176A8A-37A2-4F32-B40D-B5A953011567}.Release|iPhoneSimulator.Build.0 = Release|Any CPU
		{3C176A8A-37A2-4F32-B40D-B5A953011567}.Release|iPhoneSimulator.Deploy.0 = Release|Any CPU
		{DD4D364E-CE60-4CF5-8184-0233A764083D}.Ad-Hoc|Any CPU.ActiveCfg = Ad-Hoc|iPhone
		{DD4D364E-CE60-4CF5-8184-0233A764083D}.Ad-Hoc|Any CPU.Build.0 = Ad-Hoc|iPhone
		{DD4D364E-CE60-4CF5-8184-0233A764083D}.Ad-Hoc|Any CPU.Deploy.0 = Ad-Hoc|iPhone
		{DD4D364E-CE60-4CF5-8184-0233A764083D}.Ad-Hoc|iPhone.ActiveCfg = Ad-Hoc|iPhone
		{DD4D364E-CE60-4CF5-8184-0233A764083D}.Ad-Hoc|iPhone.Build.0 = Ad-Hoc|iPhone
		{DD4D364E-CE60-4CF5-8184-0233A764083D}.Ad-Hoc|iPhone.Deploy.0 = Ad-Hoc|iPhone
		{DD4D364E-CE60-4CF5-8184-0233A764083D}.Ad-Hoc|iPhoneSimulator.ActiveCfg = Ad-Hoc|iPhoneSimulator
		{DD4D364E-CE60-4CF5-8184-0233A764083D}.Ad-Hoc|iPhoneSimulator.Build.0 = Ad-Hoc|iPhoneSimulator
		{DD4D364E-CE60-4CF5-8184-0233A764083D}.Ad-Hoc|iPhoneSimulator.Deploy.0 = Ad-Hoc|iPhoneSimulator
		{DD4D364E-CE60-4CF5-8184-0233A764083D}.AppStore|Any CPU.ActiveCfg = AppStore|iPhone
		{DD4D364E-CE60-4CF5-8184-0233A764083D}.AppStore|Any CPU.Build.0 = AppStore|iPhone
		{DD4D364E-CE60-4CF5-8184-0233A764083D}.AppStore|Any CPU.Deploy.0 = AppStore|iPhone
		{DD4D364E-CE60-4CF5-8184-0233A764083D}.AppStore|iPhone.ActiveCfg = AppStore|iPhone
		{DD4D364E-CE60-4CF5-8184-0233A764083D}.AppStore|iPhone.Build.0 = AppStore|iPhone
		{DD4D364E-CE60-4CF5-8184-0233A764083D}.AppStore|iPhone.Deploy.0 = AppStore|iPhone
		{DD4D364E-CE60-4CF5-8184-0233A764083D}.AppStore|iPhoneSimulator.ActiveCfg = AppStore|iPhoneSimulator
		{DD4D364E-CE60-4CF5-8184-0233A764083D}.AppStore|iPhoneSimulator.Build.0 = AppStore|iPhoneSimulator
		{DD4D364E-CE60-4CF5-8184-0233A764083D}.AppStore|iPhoneSimulator.Deploy.0 = AppStore|iPhoneSimulator
		{DD4D364E-CE60-4CF5-8184-0233A764083D}.Debug|Any CPU.ActiveCfg = Debug|iPhoneSimulator
		{DD4D364E-CE60-4CF5-8184-0233A764083D}.Debug|Any CPU.Build.0 = Debug|iPhoneSimulator
		{DD4D364E-CE60-4CF5-8184-0233A764083D}.Debug|Any CPU.Deploy.0 = Debug|iPhoneSimulator
		{DD4D364E-CE60-4CF5-8184-0233A764083D}.Debug|iPhone.ActiveCfg = Debug|iPhone
		{DD4D364E-CE60-4CF5-8184-0233A764083D}.Debug|iPhone.Build.0 = Debug|iPhone
		{DD4D364E-CE60-4CF5-8184-0233A764083D}.Debug|iPhone.Deploy.0 = Debug|iPhone
		{DD4D364E-CE60-4CF5-8184-0233A764083D}.Debug|iPhoneSimulator.ActiveCfg = Debug|iPhoneSimulator
		{DD4D364E-CE60-4CF5-8184-0233A764083D}.Debug|iPhoneSimulator.Build.0 = Debug|iPhoneSimulator
		{DD4D364E-CE60-4CF5-8184-0233A764083D}.Debug|iPhoneSimulator.Deploy.0 = Debug|iPhoneSimulator
		{DD4D364E-CE60-4CF5-8184-0233A764083D}.Release|Any CPU.ActiveCfg = Release|iPhone
		{DD4D364E-CE60-4CF5-8184-0233A764083D}.Release|Any CPU.Build.0 = Release|iPhone
		{DD4D364E-CE60-4CF5-8184-0233A764083D}.Release|Any CPU.Deploy.0 = Release|iPhone
		{DD4D364E-CE60-4CF5-8184-0233A764083D}.Release|iPhone.ActiveCfg = Release|iPhone
		{DD4D364E-CE60-4CF5-8184-0233A764083D}.Release|iPhone.Build.0 = Release|iPhone
		{DD4D364E-CE60-4CF5-8184-0233A764083D}.Release|iPhone.Deploy.0 = Release|iPhone
		{DD4D364E-CE60-4CF5-8184-0233A764083D}.Release|iPhoneSimulator.ActiveCfg = Release|iPhoneSimulator
		{DD4D364E-CE60-4CF5-8184-0233A764083D}.Release|iPhoneSimulator.Build.0 = Release|iPhoneSimulator
		{DD4D364E-CE60-4CF5-8184-0233A764083D}.Release|iPhoneSimulator.Deploy.0 = Release|iPhoneSimulator
	EndGlobalSection
	GlobalSection(SolutionProperties) = preSolution
		HideSolutionNode = FALSE
	EndGlobalSection
	GlobalSection(ExtensibilityGlobals) = postSolution
		SolutionGuid = {8E5C880A-1B1C-40AA-9EED-C8D4685BB30C}
	EndGlobalSection
EndGlobal
